
Microsoft Visual Studio Solution File, Format Version 11.00
# Visual Studio 2010
Project("{8BC9CEB8-8B4A-11D0-8D11-00A0C91BC942}") = "Servidor", "Servidor\Servidor.vcxproj", "{57450A59-64ED-423F-9741-3AC3445F3E4B}"
EndProject
Project("{8BC9CEB8-8B4A-11D0-8D11-00A0C91BC942}") = "Cliente", "Cliente\Cliente.vcxproj", "{4DE778FD-798C-4723-9AC0-41E1183D5C61}"
EndProject
Global
	GlobalSection(SolutionConfigurationPlatforms) = preSolution
		Debug|Win32 = Debug|Win32
		Release|Win32 = Release|Win32
	EndGlobalSection
	GlobalSection(ProjectConfigurationPlatforms) = postSolution
		{57450A59-64ED-423F-9741-3AC3445F3E4B}.Debug|Win32.ActiveCfg = Debug|Win32
		{57450A59-64ED-423F-9741-3AC3445F3E4B}.Debug|Win32.Build.0 = Debug|Win32
		{57450A59-64ED-423F-9741-3AC3445F3E4B}.Release|Win32.ActiveCfg = Release|Win32
		{57450A59-64ED-423F-9741-3AC3445F3E4B}.Release|Win32.Build.0 = Release|Win32
		{4DE778FD-798C-4723-9AC0-41E1183D5C61}.Debug|Win32.ActiveCfg = Debug|Win32
		{4DE778FD-798C-4723-9AC0-41E1183D5C61}.Debug|Win32.Build.0 = Debug|Win32
		{4DE778FD-798C-4723-9AC0-41E1183D5C61}.Release|Win32.ActiveCfg = Release|Win32
		{4DE778FD-798C-4723-9AC0-41E1183D5C61}.Release|Win32.Build.0 = Release|Win32
	EndGlobalSection
	GlobalSection(SolutionProperties) = preSolution
		HideSolutionNode = FALSE
	EndGlobalSection
EndGlobal
